
Microsoft Visual Studio Solution File, Format Version 12.00
# Visual Studio Version 17
VisualStudioVersion = 17.1.32328.378
MinimumVisualStudioVersion = 10.0.40219.1
Project("{FAE04EC0-301F-11D3-BF4B-00C04F79EFBC}") = "CSharp.LabExercise1", "CSharp.LabExercise1.csproj", "{9C5D1905-C325-42C0-85BF-51301B0ACDB9}"
EndProject
Global
	GlobalSection(SolutionConfigurationPlatforms) = preSolution
		Debug|Any CPU = Debug|Any CPU
		Release|Any CPU = Release|Any CPU
	EndGlobalSection
	GlobalSection(ProjectConfigurationPlatforms) = postSolution
		{9C5D1905-C325-42C0-85BF-51301B0ACDB9}.Debug|Any CPU.ActiveCfg = Debug|Any CPU
		{9C5D1905-C325-42C0-85BF-51301B0ACDB9}.Debug|Any CPU.Build.0 = Debug|Any CPU
		{9C5D1905-C325-42C0-85BF-51301B0ACDB9}.Release|Any CPU.ActiveCfg = Release|Any CPU
		{9C5D1905-C325-42C0-85BF-51301B0ACDB9}.Release|Any CPU.Build.0 = Release|Any CPU
	EndGlobalSection
	GlobalSection(SolutionProperties) = preSolution
		HideSolutionNode = FALSE
	EndGlobalSection
	GlobalSection(ExtensibilityGlobals) = postSolution
		SolutionGuid = {D6939A19-965E-4EE8-9FFA-CF2C063FB1C6}
	EndGlobalSection
EndGlobal
